<?xml version="1.0" encoding="utf-8"?>
<Project ToolsVersion="4.0" xmlns="http://schemas.microsoft.com/developer/msbuild/2003">
  <ItemGroup>
    <Filter Include="Source Files">
      <UniqueIdentifier>{9C3A00D7-E0B1-466C-BDCB-4F21DB52810E}</UniqueIdentifier>
      <Extensions>cpp;c;cc;cxx;c++;def;odl;idl;hpj;bat;asm;asmx</Extensions>
    </Filter>
    <Filter Include="Header Files">
      <UniqueIdentifier>{F92D933E-7D84-4EF6-B39C-CB847D8D7A8B}</UniqueIdentifier>
      <Extensions>h;hh;hpp;hxx;h++;hm;inl;inc;ipp;xsd</Extensions>
    </Filter>
  </ItemGroup>
  <ItemGroup>
    <ClInclude Include="include\Xml.h">
      <Filter>Header Files</Filter>
    </ClInclude>
    <ClInclude Include="include\XmlConvert.h">
      <Filter>Header Files</Filter>
    </ClInclude>
    <ClInclude Include="include\XmlDocument.h">
      <Filter>Header Files</Filter>
    </ClInclude>
    <ClInclude Include="include\XmlNamespaceManager.h">
      <Filter>Header Files</Filter>
    </ClInclude>
    <ClInclude Include="include\XmlNameTable.h">
      <Filter>Header Files</Filter>
    </ClInclude>
    <ClInclude Include="include\XmlNode.h">
      <Filter>Header Files</Filter>
    </ClInclude>
    <ClInclude Include="include\XmlNodeReader.h">
      <Filter>Header Files</Filter>
    </ClInclude>
    <ClInclude Include="include\XmlReader.h">
      <Filter>Header Files</Filter>
    </ClInclude>
    <ClInclude Include="include\XmlResolver.h">
      <Filter>Header Files</Filter>
    </ClInclude>
    <ClInclude Include="include\XmlSchemaSet.h">
      <Filter>Header Files</Filter>
    </ClInclude>
    <ClInclude Include="include\XmlTypes.h">
      <Filter>Header Files</Filter>
    </ClInclude>
    <ClInclude Include="include\XmlWriter.h">
      <Filter>Header Files</Filter>
    </ClInclude>
    <ClInclude Include="include\XmlXPath.h">
      <Filter>Header Files</Filter>
    </ClInclude>
    <ClInclude Include="include\XmlInternal.h">
      <Filter>Header Files</Filter>
    </ClInclude>
    <ClInclude Include="include\XmlSchemaInternal.h">
      <Filter>Header Files</Filter>
    </ClInclude>
    <ClInclude Include="include\XmlReaderInternal.h">
      <Filter>Header Files</Filter>
    </ClInclude>
    <ClInclude Include="include\XmlDomInternal.h">
      <Filter>Header Files</Filter>
    </ClInclude>
    <ClInclude Include="include\XmlUtilityInternal.h">
      <Filter>Header Files</Filter>
    </ClInclude>
  </ItemGroup>
  <ItemGroup>
    <ClCompile Include="src\XmlConvert.cpp">
      <Filter>Source Files</Filter>
    </ClCompile>
    <ClCompile Include="src\XmlDocument.cpp">
      <Filter>Source Files</Filter>
    </ClCompile>
    <ClCompile Include="src\XmlInternal.cpp">
      <Filter>Source Files</Filter>
    </ClCompile>
    <ClCompile Include="src\XmlNamespaceManager.cpp">
      <Filter>Source Files</Filter>
    </ClCompile>
    <ClCompile Include="src\XmlNameTable.cpp">
      <Filter>Source Files</Filter>
    </ClCompile>
    <ClCompile Include="src\XmlNode.cpp">
      <Filter>Source Files</Filter>
    </ClCompile>
    <ClCompile Include="src\XmlNodeReader.cpp">
      <Filter>Source Files</Filter>
    </ClCompile>
    <ClCompile Include="src\XmlReader.cpp">
      <Filter>Source Files</Filter>
    </ClCompile>
    <ClCompile Include="src\XmlResolver.cpp">
      <Filter>Source Files</Filter>
    </ClCompile>
    <ClCompile Include="src\XmlSchemaSet.cpp">
      <Filter>Source Files</Filter>
    </ClCompile>
    <ClCompile Include="src\XmlTypes.cpp">
      <Filter>Source Files</Filter>
    </ClCompile>
    <ClCompile Include="src\XmlWriter.cpp">
      <Filter>Source Files</Filter>
    </ClCompile>
    <ClCompile Include="src\XmlXPath.cpp">
      <Filter>Source Files</Filter>
    </ClCompile>
  </ItemGroup>
</Project>